
Microsoft Visual Studio Solution File, Format Version 12.00
Project("{FAE04EC0-301F-11D3-BF4B-00C04F79EFBC}") = "Qs.Presentation.WebApi", "Qs.Presentation.WebApi\Qs.Presentation.WebApi.csproj", "{9750A2E5-A9D1-47E1-B2AB-776C90F5DE99}"
EndProject
Project("{FAE04EC0-301F-11D3-BF4B-00C04F79EFBC}") = "Qs.Persistence", "Qs.Persistence\Qs.Persistence.csproj", "{E839DB05-9E31-49B8-B7C5-2DA5792B6155}"
EndProject
Project("{FAE04EC0-301F-11D3-BF4B-00C04F79EFBC}") = "Qs.Persistence.Abstractions", "Qs.Persistence.Abstractions\Qs.Persistence.Abstractions.csproj", "{52C2445D-AF54-42BF-ABD7-61510F2271CE}"
EndProject
Project("{FAE04EC0-301F-11D3-BF4B-00C04F79EFBC}") = "Qs.Persistence.IoC", "Qs.Persistence.IoC\Qs.Persistence.IoC.csproj", "{8CB78E6E-97D6-40CC-ACB6-06ACEF33D590}"
EndProject
Project("{FAE04EC0-301F-11D3-BF4B-00C04F79EFBC}") = "Qs.Domain", "Qs.Domain\Qs.Domain.csproj", "{430B3936-3021-4249-9DC2-854640B5D372}"
EndProject
Project("{FAE04EC0-301F-11D3-BF4B-00C04F79EFBC}") = "Qs.Domain.Abstractions", "Qs.Domain.Abstractions\Qs.Domain.Abstractions.csproj", "{14E3A5B8-60EE-47B9-A70E-D13132FFD01D}"
EndProject
Project("{FAE04EC0-301F-11D3-BF4B-00C04F79EFBC}") = "Qs.Domain.IoC", "Qs.Domain.IoC\Qs.Domain.IoC.csproj", "{84222AB9-9AE4-464D-AFCE-C0F04EA9A57C}"
EndProject
Global
	GlobalSection(SolutionConfigurationPlatforms) = preSolution
		Debug|Any CPU = Debug|Any CPU
		Release|Any CPU = Release|Any CPU
	EndGlobalSection
	GlobalSection(ProjectConfigurationPlatforms) = postSolution
		{9750A2E5-A9D1-47E1-B2AB-776C90F5DE99}.Debug|Any CPU.ActiveCfg = Debug|Any CPU
		{9750A2E5-A9D1-47E1-B2AB-776C90F5DE99}.Debug|Any CPU.Build.0 = Debug|Any CPU
		{9750A2E5-A9D1-47E1-B2AB-776C90F5DE99}.Release|Any CPU.ActiveCfg = Release|Any CPU
		{9750A2E5-A9D1-47E1-B2AB-776C90F5DE99}.Release|Any CPU.Build.0 = Release|Any CPU
		{E839DB05-9E31-49B8-B7C5-2DA5792B6155}.Debug|Any CPU.ActiveCfg = Debug|Any CPU
		{E839DB05-9E31-49B8-B7C5-2DA5792B6155}.Debug|Any CPU.Build.0 = Debug|Any CPU
		{E839DB05-9E31-49B8-B7C5-2DA5792B6155}.Release|Any CPU.ActiveCfg = Release|Any CPU
		{E839DB05-9E31-49B8-B7C5-2DA5792B6155}.Release|Any CPU.Build.0 = Release|Any CPU
		{52C2445D-AF54-42BF-ABD7-61510F2271CE}.Debug|Any CPU.ActiveCfg = Debug|Any CPU
		{52C2445D-AF54-42BF-ABD7-61510F2271CE}.Debug|Any CPU.Build.0 = Debug|Any CPU
		{52C2445D-AF54-42BF-ABD7-61510F2271CE}.Release|Any CPU.ActiveCfg = Release|Any CPU
		{52C2445D-AF54-42BF-ABD7-61510F2271CE}.Release|Any CPU.Build.0 = Release|Any CPU
		{8CB78E6E-97D6-40CC-ACB6-06ACEF33D590}.Debug|Any CPU.ActiveCfg = Debug|Any CPU
		{8CB78E6E-97D6-40CC-ACB6-06ACEF33D590}.Debug|Any CPU.Build.0 = Debug|Any CPU
		{8CB78E6E-97D6-40CC-ACB6-06ACEF33D590}.Release|Any CPU.ActiveCfg = Release|Any CPU
		{8CB78E6E-97D6-40CC-ACB6-06ACEF33D590}.Release|Any CPU.Build.0 = Release|Any CPU
		{430B3936-3021-4249-9DC2-854640B5D372}.Debug|Any CPU.ActiveCfg = Debug|Any CPU
		{430B3936-3021-4249-9DC2-854640B5D372}.Debug|Any CPU.Build.0 = Debug|Any CPU
		{430B3936-3021-4249-9DC2-854640B5D372}.Release|Any CPU.ActiveCfg = Release|Any CPU
		{430B3936-3021-4249-9DC2-854640B5D372}.Release|Any CPU.Build.0 = Release|Any CPU
		{14E3A5B8-60EE-47B9-A70E-D13132FFD01D}.Debug|Any CPU.ActiveCfg = Debug|Any CPU
		{14E3A5B8-60EE-47B9-A70E-D13132FFD01D}.Debug|Any CPU.Build.0 = Debug|Any CPU
		{14E3A5B8-60EE-47B9-A70E-D13132FFD01D}.Release|Any CPU.ActiveCfg = Release|Any CPU
		{14E3A5B8-60EE-47B9-A70E-D13132FFD01D}.Release|Any CPU.Build.0 = Release|Any CPU
		{84222AB9-9AE4-464D-AFCE-C0F04EA9A57C}.Debug|Any CPU.ActiveCfg = Debug|Any CPU
		{84222AB9-9AE4-464D-AFCE-C0F04EA9A57C}.Debug|Any CPU.Build.0 = Debug|Any CPU
		{84222AB9-9AE4-464D-AFCE-C0F04EA9A57C}.Release|Any CPU.ActiveCfg = Release|Any CPU
		{84222AB9-9AE4-464D-AFCE-C0F04EA9A57C}.Release|Any CPU.Build.0 = Release|Any CPU
	EndGlobalSection
	GlobalSection(NestedProjects) = preSolution
	EndGlobalSection
EndGlobal
